{
  "lockfile-version": 1,
  "manifest": {
    "version": 1,
    "install": {
      "claude-code": {
        "pkg-path": "claude-code",
        "version": "^1.0.105"
      },
      "nodejs_24": {
        "pkg-path": "nodejs_24"
      }
    },
    "options": {}
  },
  "packages": [
    {
      "attr_path": "claude-code",
      "broken": false,
      "derivation": "/nix/store/zs2wxrw897xk5lrqr9ixhk3msjsjzaji-claude-code-1.0.105.drv",
      "description": "Agentic coding tool that lives in your terminal, understands your codebase, and helps you code faster",
      "install_id": "claude-code",
      "license": "Unfree",
      "locked_url": "https://github.com/flox/nixpkgs?rev=8eb28adfa3dc4de28e792e3bf49fcf9007ca8ac9",
      "name": "claude-code-1.0.105",
      "pname": "claude-code",
      "rev": "8eb28adfa3dc4de28e792e3bf49fcf9007ca8ac9",
      "rev_count": 856926,
      "rev_date": "2025-09-05T10:37:24Z",
      "scrape_date": "2025-09-08T03:40:11.855231Z",
      "stabilities": [
        "unstable"
      ],
      "unfree": true,
      "version": "1.0.105",
      "outputs_to_install": [
        "out"
      ],
      "outputs": {
        "out": "/nix/store/0nhbb9fv3awiqm0xd704x8j7anjkqcdx-claude-code-1.0.105"
      },
      "system": "aarch64-darwin",
      "group": "toplevel",
      "priority": 5
    },
    {
      "attr_path": "claude-code",
      "broken": false,
      "derivation": "/nix/store/ag56jm0zgm5rg9f5cr2dyd9s1a7wjwc6-claude-code-1.0.105.drv",
      "description": "Agentic coding tool that lives in your terminal, understands your codebase, and helps you code faster",
      "install_id": "claude-code",
      "license": "Unfree",
      "locked_url": "https://github.com/flox/nixpkgs?rev=8eb28adfa3dc4de28e792e3bf49fcf9007ca8ac9",
      "name": "claude-code-1.0.105",
      "pname": "claude-code",
      "rev": "8eb28adfa3dc4de28e792e3bf49fcf9007ca8ac9",
      "rev_count": 856926,
      "rev_date": "2025-09-05T10:37:24Z",
      "scrape_date": "2025-09-08T03:52:21.322431Z",
      "stabilities": [
        "unstable"
      ],
      "unfree": true,
      "version": "1.0.105",
      "outputs_to_install": [
        "out"
      ],
      "outputs": {
        "out": "/nix/store/b8g9psi7g32cb7iww040n69n9fn37gci-claude-code-1.0.105"
      },
      "system": "aarch64-linux",
      "group": "toplevel",
      "priority": 5
    },
    {
      "attr_path": "claude-code",
      "broken": false,
      "derivation": "/nix/store/swxv038hzc1l2jqz786mbc95nvlf0j58-claude-code-1.0.105.drv",
      "description": "Agentic coding tool that lives in your terminal, understands your codebase, and helps you code faster",
      "install_id": "claude-code",
      "license": "Unfree",
      "locked_url": "https://github.com/flox/nixpkgs?rev=8eb28adfa3dc4de28e792e3bf49fcf9007ca8ac9",
      "name": "claude-code-1.0.105",
      "pname": "claude-code",
      "rev": "8eb28adfa3dc4de28e792e3bf49fcf9007ca8ac9",
      "rev_count": 856926,
      "rev_date": "2025-09-05T10:37:24Z",
      "scrape_date": "2025-09-08T04:22:01.705088Z",
      "stabilities": [
        "unstable"
      ],
      "unfree": true,
      "version": "1.0.105",
      "outputs_to_install": [
        "out"
      ],
      "outputs": {
        "out": "/nix/store/gnrlm5akdbvgq2zn0yq1dqcc3g3ygql4-claude-code-1.0.105"
      },
      "system": "x86_64-darwin",
      "group": "toplevel",
      "priority": 5
    },
    {
      "attr_path": "claude-code",
      "broken": false,
      "derivation": "/nix/store/zlm5xqzij015pmmqrl2jcx1v70yn52pd-claude-code-1.0.105.drv",
      "description": "Agentic coding tool that lives in your terminal, understands your codebase, and helps you code faster",
      "install_id": "claude-code",
      "license": "Unfree",
      "locked_url": "https://github.com/flox/nixpkgs?rev=8eb28adfa3dc4de28e792e3bf49fcf9007ca8ac9",
      "name": "claude-code-1.0.105",
      "pname": "claude-code",
      "rev": "8eb28adfa3dc4de28e792e3bf49fcf9007ca8ac9",
      "rev_count": 856926,
      "rev_date": "2025-09-05T10:37:24Z",
      "scrape_date": "2025-09-08T04:54:29.819279Z",
      "stabilities": [
        "unstable"
      ],
      "unfree": true,
      "version": "1.0.105",
      "outputs_to_install": [
        "out"
      ],
      "outputs": {
        "out": "/nix/store/cq3s5zjzxfyikg3nfij96ydqg7mq08bf-claude-code-1.0.105"
      },
      "system": "x86_64-linux",
      "group": "toplevel",
      "priority": 5
    },
    {
      "attr_path": "nodejs_24",
      "broken": false,
      "derivation": "/nix/store/k3ih2yg7856nf1fr4d24iy58fj18flbj-nodejs-24.7.0.drv",
      "description": "Event-driven I/O framework for the V8 JavaScript engine",
      "install_id": "nodejs_24",
      "license": "MIT",
      "locked_url": "https://github.com/flox/nixpkgs?rev=8eb28adfa3dc4de28e792e3bf49fcf9007ca8ac9",
      "name": "nodejs-24.7.0",
      "pname": "nodejs_24",
      "rev": "8eb28adfa3dc4de28e792e3bf49fcf9007ca8ac9",
      "rev_count": 856926,
      "rev_date": "2025-09-05T10:37:24Z",
      "scrape_date": "2025-09-08T03:41:04.562813Z",
      "stabilities": [
        "unstable"
      ],
      "unfree": false,
      "version": "24.7.0",
      "outputs_to_install": [
        "out"
      ],
      "outputs": {
        "dev": "/nix/store/2y7mmq7ca5jd19n4nm03nag23ccq4jxb-nodejs-24.7.0-dev",
        "libv8": "/nix/store/55y1fbyx230p3w5khfvjzygxm4gss46c-nodejs-24.7.0-libv8",
        "out": "/nix/store/ccz46k0i3qxsjxm55601qkn4ckdy0j2s-nodejs-24.7.0"
      },
      "system": "aarch64-darwin",
      "group": "toplevel",
      "priority": 5
    },
    {
      "attr_path": "nodejs_24",
      "broken": false,
      "derivation": "/nix/store/y8j7yq3d2xgxw4ypyzm9knkz8x12vbrv-nodejs-24.7.0.drv",
      "description": "Event-driven I/O framework for the V8 JavaScript engine",
      "install_id": "nodejs_24",
      "license": "MIT",
      "locked_url": "https://github.com/flox/nixpkgs?rev=8eb28adfa3dc4de28e792e3bf49fcf9007ca8ac9",
      "name": "nodejs-24.7.0",
      "pname": "nodejs_24",
      "rev": "8eb28adfa3dc4de28e792e3bf49fcf9007ca8ac9",
      "rev_count": 856926,
      "rev_date": "2025-09-05T10:37:24Z",
      "scrape_date": "2025-09-08T03:52:59.392312Z",
      "stabilities": [
        "unstable"
      ],
      "unfree": false,
      "version": "24.7.0",
      "outputs_to_install": [
        "out"
      ],
      "outputs": {
        "dev": "/nix/store/kyhchi0ap5b2k9yflrnvn864pnfrh523-nodejs-24.7.0-dev",
        "libv8": "/nix/store/y5fbsq27f6bfil7k8wc8shaa6q3rl1lx-nodejs-24.7.0-libv8",
        "out": "/nix/store/8gh5b8d1rwx06wlbfy4s5plqhpq9n4ai-nodejs-24.7.0"
      },
      "system": "aarch64-linux",
      "group": "toplevel",
      "priority": 5
    },
    {
      "attr_path": "nodejs_24",
      "broken": false,
      "derivation": "/nix/store/hnza26v0bf1r3g5wpk4wmh0a0pp4xgny-nodejs-24.7.0.drv",
      "description": "Event-driven I/O framework for the V8 JavaScript engine",
      "install_id": "nodejs_24",
      "license": "MIT",
      "locked_url": "https://github.com/flox/nixpkgs?rev=8eb28adfa3dc4de28e792e3bf49fcf9007ca8ac9",
      "name": "nodejs-24.7.0",
      "pname": "nodejs_24",
      "rev": "8eb28adfa3dc4de28e792e3bf49fcf9007ca8ac9",
      "rev_count": 856926,
      "rev_date": "2025-09-05T10:37:24Z",
      "scrape_date": "2025-09-08T04:22:26.369816Z",
      "stabilities": [
        "unstable"
      ],
      "unfree": false,
      "version": "24.7.0",
      "outputs_to_install": [
        "out"
      ],
      "outputs": {
        "dev": "/nix/store/czgn6fkq1zsw04hf12gciprlncz83kgw-nodejs-24.7.0-dev",
        "libv8": "/nix/store/mwy41qlkg15m1d129mcncxpy19pac3li-nodejs-24.7.0-libv8",
        "out": "/nix/store/fxp7kvbrylhvfg6daab927sh8q0i3irb-nodejs-24.7.0"
      },
      "system": "x86_64-darwin",
      "group": "toplevel",
      "priority": 5
    },
    {
      "attr_path": "nodejs_24",
      "broken": false,
      "derivation": "/nix/store/lg7qhp36icjdxj0abqrhl9629fflch1j-nodejs-24.7.0.drv",
      "description": "Event-driven I/O framework for the V8 JavaScript engine",
      "install_id": "nodejs_24",
      "license": "MIT",
      "locked_url": "https://github.com/flox/nixpkgs?rev=8eb28adfa3dc4de28e792e3bf49fcf9007ca8ac9",
      "name": "nodejs-24.7.0",
      "pname": "nodejs_24",
      "rev": "8eb28adfa3dc4de28e792e3bf49fcf9007ca8ac9",
      "rev_count": 856926,
      "rev_date": "2025-09-05T10:37:24Z",
      "scrape_date": "2025-09-08T04:55:10.819010Z",
      "stabilities": [
        "unstable"
      ],
      "unfree": false,
      "version": "24.7.0",
      "outputs_to_install": [
        "out"
      ],
      "outputs": {
        "dev": "/nix/store/mlaxg9lc79xv0r1mlxnzyr8w4jgnpkj2-nodejs-24.7.0-dev",
        "libv8": "/nix/store/z8aj3g61ph9c01mfb0nswr3sp7iwi9pd-nodejs-24.7.0-libv8",
        "out": "/nix/store/xspqdfh7j7g3l4gkxzfhr5qiqb4hj7iv-nodejs-24.7.0"
      },
      "system": "x86_64-linux",
      "group": "toplevel",
      "priority": 5
    }
  ]
}